
Microsoft Visual Studio Solution File, Format Version 12.00
# Visual Studio 15
Project("{FAE04EC0-301F-11D3-BF4B-00C04F79EFBC}") = "Assembly-CSharp", "Assembly-CSharp.csproj", "{E1445002-1877-B63C-AE03-722003E4B834}"
EndProject
Global
	GlobalSection(SolutionConfigurationPlatforms) = preSolution
		Debug|Any CPU = Debug|Any CPU
		Release|Any CPU = Release|Any CPU
	EndGlobalSection
	GlobalSection(ProjectConfigurationPlatforms) = postSolution
		{E1445002-1877-B63C-AE03-722003E4B834}.Debug|Any CPU.ActiveCfg = Debug|Any CPU
		{E1445002-1877-B63C-AE03-722003E4B834}.Debug|Any CPU.Build.0 = Debug|Any CPU
		{E1445002-1877-B63C-AE03-722003E4B834}.Release|Any CPU.ActiveCfg = Release|Any CPU
		{E1445002-1877-B63C-AE03-722003E4B834}.Release|Any CPU.Build.0 = Release|Any CPU
	EndGlobalSection
	GlobalSection(SolutionProperties) = preSolution
		HideSolutionNode = FALSE
	EndGlobalSection
EndGlobal
